// !$*UTF8*$!
{
	archiveVersion = 1;
	classes = {
	};
	objectVersion = 46;
	objects = {

/* Begin PBXBuildFile section */
		AF168E0F1E8483B00033CEEF /* RxCocoa.framework in Frameworks */ = {isa = PBXBuildFile; fileRef = AF168E0D1E8483B00033CEEF /* RxCocoa.framework */; };
		AF168E101E8483B00033CEEF /* RxSwift.framework in Frameworks */ = {isa = PBXBuildFile; fileRef = AF168E0E1E8483B00033CEEF /* RxSwift.framework */; };
		AF168E131E8483E70033CEEF /* JSON.swift in Sources */ = {isa = PBXBuildFile; fileRef = AF168E121E8483E60033CEEF /* JSON.swift */; };
		AF2D69441E977D9C004F4E6B /* RegisterDevice.swift in Sources */ = {isa = PBXBuildFile; fileRef = AF2D69431E977D9C004F4E6B /* RegisterDevice.swift */; };
		AF3EED221E68E96100553D86 /* AppDelegate.swift in Sources */ = {isa = PBXBuildFile; fileRef = AF3EED211E68E96100553D86 /* AppDelegate.swift */; };
		AF3EED291E68E96100553D86 /* Assets.xcassets in Resources */ = {isa = PBXBuildFile; fileRef = AF3EED281E68E96100553D86 /* Assets.xcassets */; };
		AF3EED341E68E9B300553D86 /* Film.swift in Sources */ = {isa = PBXBuildFile; fileRef = AF3EED331E68E9B300553D86 /* Film.swift */; };
		AF3EED361E68EBE000553D86 /* LaunchScreen.storyboard in Resources */ = {isa = PBXBuildFile; fileRef = AF3EED351E68EBE000553D86 /* LaunchScreen.storyboard */; };
		AF3EED381E68EC3900553D86 /* FilmTVC.swift in Sources */ = {isa = PBXBuildFile; fileRef = AF3EED371E68EC3900553D86 /* FilmTVC.swift */; };
		AF8FDA631E99775D00D5DEA2 /* KeychainAccess.framework in Frameworks */ = {isa = PBXBuildFile; fileRef = AF8FDA621E99775D00D5DEA2 /* KeychainAccess.framework */; };
		AF918DB11EA029F800ABAE3A /* SearchView.swift in Sources */ = {isa = PBXBuildFile; fileRef = AF918DB01EA029F800ABAE3A /* SearchView.swift */; };
		AF94AF561E831F980087080B /* Endpoint.swift in Sources */ = {isa = PBXBuildFile; fileRef = AF94AF551E831F980087080B /* Endpoint.swift */; };
		AF94AF581E8320840087080B /* ListFilms.swift in Sources */ = {isa = PBXBuildFile; fileRef = AF94AF571E8320840087080B /* ListFilms.swift */; };
		AFA9B2421E9CABC90072401F /* UIDevice.swift in Sources */ = {isa = PBXBuildFile; fileRef = AFA9B2411E9CABC90072401F /* UIDevice.swift */; };
		AFA9B2441E9CAC9A0072401F /* GetUser.swift in Sources */ = {isa = PBXBuildFile; fileRef = AFA9B2431E9CAC9A0072401F /* GetUser.swift */; };
		AFA9B2461E9CB20F0072401F /* SignUpView.swift in Sources */ = {isa = PBXBuildFile; fileRef = AFA9B2451E9CB20F0072401F /* SignUpView.swift */; };
		AFA9B24F1E9D83270072401F /* ArrayResponse.swift in Sources */ = {isa = PBXBuildFile; fileRef = AFA9B24E1E9D83270072401F /* ArrayResponse.swift */; };
		AFA9B2511E9D835A0072401F /* FilmFilter.swift in Sources */ = {isa = PBXBuildFile; fileRef = AFA9B2501E9D835A0072401F /* FilmFilter.swift */; };
		AFA9B2541E9D838B0072401F /* SignUp.swift in Sources */ = {isa = PBXBuildFile; fileRef = AFA9B2531E9D838B0072401F /* SignUp.swift */; };
		AFA9B2561E9D84370072401F /* SignUpVC.swift in Sources */ = {isa = PBXBuildFile; fileRef = AFA9B2551E9D84370072401F /* SignUpVC.swift */; };
		AFBEB1B91E9E14240095D66E /* SearchVC.swift in Sources */ = {isa = PBXBuildFile; fileRef = AFBEB1B81E9E14240095D66E /* SearchVC.swift */; };
		AFBEB1BD1E9FFBC50095D66E /* Search.swift in Sources */ = {isa = PBXBuildFile; fileRef = AFBEB1BC1E9FFBC50095D66E /* Search.swift */; };
		AFC304F31E85CB9E0012515E /* Kingfisher.framework in Frameworks */ = {isa = PBXBuildFile; fileRef = AFC304F21E85CB9E0012515E /* Kingfisher.framework */; };
		AFC304F51E85CCA60012515E /* FilmTableCell.swift in Sources */ = {isa = PBXBuildFile; fileRef = AFC304F41E85CCA60012515E /* FilmTableCell.swift */; };
		AFC304F71E85D0580012515E /* TableCellIdentifiable.swift in Sources */ = {isa = PBXBuildFile; fileRef = AFC304F61E85D0580012515E /* TableCellIdentifiable.swift */; };
		AFC304F91E85D1EE0012515E /* EasyPeasy.framework in Frameworks */ = {isa = PBXBuildFile; fileRef = AFC304F81E85D1EE0012515E /* EasyPeasy.framework */; };
		AFC304FB1E85E95F0012515E /* SwipeCellKit.framework in Frameworks */ = {isa = PBXBuildFile; fileRef = AFC304FA1E85E95F0012515E /* SwipeCellKit.framework */; };
		AFCCA5C51E9C1176000B6102 /* ProfileView.swift in Sources */ = {isa = PBXBuildFile; fileRef = AFCCA5C41E9C1176000B6102 /* ProfileView.swift */; };
		AFCCA5C71E9C118D000B6102 /* User.swift in Sources */ = {isa = PBXBuildFile; fileRef = AFCCA5C61E9C118D000B6102 /* User.swift */; };
		AFE548AC1E999A0C00C99278 /* AddFilmToWatchList.swift in Sources */ = {isa = PBXBuildFile; fileRef = AFE548AB1E999A0C00C99278 /* AddFilmToWatchList.swift */; };
		AFE548AE1E9C108300C99278 /* ProfileVC.swift in Sources */ = {isa = PBXBuildFile; fileRef = AFE548AD1E9C108300C99278 /* ProfileVC.swift */; };
/* End PBXBuildFile section */

/* Begin PBXFileReference section */
		AF168E0D1E8483B00033CEEF /* RxCocoa.framework */ = {isa = PBXFileReference; lastKnownFileType = wrapper.framework; name = RxCocoa.framework; path = Carthage/Build/iOS/RxCocoa.framework; sourceTree = "<group>"; };
		AF168E0E1E8483B00033CEEF /* RxSwift.framework */ = {isa = PBXFileReference; lastKnownFileType = wrapper.framework; name = RxSwift.framework; path = Carthage/Build/iOS/RxSwift.framework; sourceTree = "<group>"; };
		AF168E121E8483E60033CEEF /* JSON.swift */ = {isa = PBXFileReference; fileEncoding = 4; lastKnownFileType = sourcecode.swift; path = JSON.swift; sourceTree = "<group>"; };
		AF2D69431E977D9C004F4E6B /* RegisterDevice.swift */ = {isa = PBXFileReference; fileEncoding = 4; lastKnownFileType = sourcecode.swift; path = RegisterDevice.swift; sourceTree = "<group>"; };
		AF3EED1E1E68E96100553D86 /* Cut.app */ = {isa = PBXFileReference; explicitFileType = wrapper.application; includeInIndex = 0; path = Cut.app; sourceTree = BUILT_PRODUCTS_DIR; };
		AF3EED211E68E96100553D86 /* AppDelegate.swift */ = {isa = PBXFileReference; lastKnownFileType = sourcecode.swift; path = AppDelegate.swift; sourceTree = "<group>"; };
		AF3EED281E68E96100553D86 /* Assets.xcassets */ = {isa = PBXFileReference; lastKnownFileType = folder.assetcatalog; path = Assets.xcassets; sourceTree = "<group>"; };
		AF3EED2D1E68E96100553D86 /* Info.plist */ = {isa = PBXFileReference; lastKnownFileType = text.plist.xml; path = Info.plist; sourceTree = "<group>"; };
		AF3EED331E68E9B300553D86 /* Film.swift */ = {isa = PBXFileReference; fileEncoding = 4; lastKnownFileType = sourcecode.swift; path = Film.swift; sourceTree = "<group>"; };
		AF3EED351E68EBE000553D86 /* LaunchScreen.storyboard */ = {isa = PBXFileReference; fileEncoding = 4; lastKnownFileType = file.storyboard; path = LaunchScreen.storyboard; sourceTree = "<group>"; };
		AF3EED371E68EC3900553D86 /* FilmTVC.swift */ = {isa = PBXFileReference; fileEncoding = 4; lastKnownFileType = sourcecode.swift; path = FilmTVC.swift; sourceTree = "<group>"; };
		AF8FDA621E99775D00D5DEA2 /* KeychainAccess.framework */ = {isa = PBXFileReference; lastKnownFileType = wrapper.framework; name = KeychainAccess.framework; path = Carthage/Build/iOS/KeychainAccess.framework; sourceTree = "<group>"; };
		AF918DB01EA029F800ABAE3A /* SearchView.swift */ = {isa = PBXFileReference; fileEncoding = 4; lastKnownFileType = sourcecode.swift; path = SearchView.swift; sourceTree = "<group>"; };
		AF94AF551E831F980087080B /* Endpoint.swift */ = {isa = PBXFileReference; fileEncoding = 4; lastKnownFileType = sourcecode.swift; path = Endpoint.swift; sourceTree = "<group>"; };
		AF94AF571E8320840087080B /* ListFilms.swift */ = {isa = PBXFileReference; fileEncoding = 4; lastKnownFileType = sourcecode.swift; path = ListFilms.swift; sourceTree = "<group>"; };
		AFA9B2411E9CABC90072401F /* UIDevice.swift */ = {isa = PBXFileReference; fileEncoding = 4; lastKnownFileType = sourcecode.swift; path = UIDevice.swift; sourceTree = "<group>"; };
		AFA9B2431E9CAC9A0072401F /* GetUser.swift */ = {isa = PBXFileReference; fileEncoding = 4; lastKnownFileType = sourcecode.swift; path = GetUser.swift; sourceTree = "<group>"; };
		AFA9B2451E9CB20F0072401F /* SignUpView.swift */ = {isa = PBXFileReference; fileEncoding = 4; lastKnownFileType = sourcecode.swift; path = SignUpView.swift; sourceTree = "<group>"; };
		AFA9B24E1E9D83270072401F /* ArrayResponse.swift */ = {isa = PBXFileReference; fileEncoding = 4; lastKnownFileType = sourcecode.swift; path = ArrayResponse.swift; sourceTree = "<group>"; };
		AFA9B2501E9D835A0072401F /* FilmFilter.swift */ = {isa = PBXFileReference; fileEncoding = 4; lastKnownFileType = sourcecode.swift; path = FilmFilter.swift; sourceTree = "<group>"; };
		AFA9B2531E9D838B0072401F /* SignUp.swift */ = {isa = PBXFileReference; fileEncoding = 4; lastKnownFileType = sourcecode.swift; path = SignUp.swift; sourceTree = "<group>"; };
		AFA9B2551E9D84370072401F /* SignUpVC.swift */ = {isa = PBXFileReference; fileEncoding = 4; lastKnownFileType = sourcecode.swift; path = SignUpVC.swift; sourceTree = "<group>"; };
		AFBEB1B81E9E14240095D66E /* SearchVC.swift */ = {isa = PBXFileReference; fileEncoding = 4; lastKnownFileType = sourcecode.swift; path = SearchVC.swift; sourceTree = "<group>"; };
		AFBEB1BC1E9FFBC50095D66E /* Search.swift */ = {isa = PBXFileReference; fileEncoding = 4; lastKnownFileType = sourcecode.swift; path = Search.swift; sourceTree = "<group>"; };
		AFC304F21E85CB9E0012515E /* Kingfisher.framework */ = {isa = PBXFileReference; lastKnownFileType = wrapper.framework; name = Kingfisher.framework; path = Carthage/Build/iOS/Kingfisher.framework; sourceTree = "<group>"; };
		AFC304F41E85CCA60012515E /* FilmTableCell.swift */ = {isa = PBXFileReference; fileEncoding = 4; lastKnownFileType = sourcecode.swift; path = FilmTableCell.swift; sourceTree = "<group>"; };
		AFC304F61E85D0580012515E /* TableCellIdentifiable.swift */ = {isa = PBXFileReference; fileEncoding = 4; lastKnownFileType = sourcecode.swift; path = TableCellIdentifiable.swift; sourceTree = "<group>"; };
		AFC304F81E85D1EE0012515E /* EasyPeasy.framework */ = {isa = PBXFileReference; lastKnownFileType = wrapper.framework; name = EasyPeasy.framework; path = Carthage/Build/iOS/EasyPeasy.framework; sourceTree = "<group>"; };
		AFC304FA1E85E95F0012515E /* SwipeCellKit.framework */ = {isa = PBXFileReference; lastKnownFileType = wrapper.framework; name = SwipeCellKit.framework; path = Carthage/Build/iOS/SwipeCellKit.framework; sourceTree = "<group>"; };
		AFCCA5C41E9C1176000B6102 /* ProfileView.swift */ = {isa = PBXFileReference; fileEncoding = 4; lastKnownFileType = sourcecode.swift; path = ProfileView.swift; sourceTree = "<group>"; };
		AFCCA5C61E9C118D000B6102 /* User.swift */ = {isa = PBXFileReference; fileEncoding = 4; lastKnownFileType = sourcecode.swift; path = User.swift; sourceTree = "<group>"; };
		AFE548AB1E999A0C00C99278 /* AddFilmToWatchList.swift */ = {isa = PBXFileReference; fileEncoding = 4; lastKnownFileType = sourcecode.swift; path = AddFilmToWatchList.swift; sourceTree = "<group>"; };
		AFE548AD1E9C108300C99278 /* ProfileVC.swift */ = {isa = PBXFileReference; fileEncoding = 4; lastKnownFileType = sourcecode.swift; path = ProfileVC.swift; sourceTree = "<group>"; };
/* End PBXFileReference section */

/* Begin PBXFrameworksBuildPhase section */
		AF3EED1B1E68E96100553D86 /* Frameworks */ = {
			isa = PBXFrameworksBuildPhase;
			buildActionMask = 2147483647;
			files = (
				AF8FDA631E99775D00D5DEA2 /* KeychainAccess.framework in Frameworks */,
				AF168E101E8483B00033CEEF /* RxSwift.framework in Frameworks */,
				AFC304FB1E85E95F0012515E /* SwipeCellKit.framework in Frameworks */,
				AFC304F31E85CB9E0012515E /* Kingfisher.framework in Frameworks */,
				AF168E0F1E8483B00033CEEF /* RxCocoa.framework in Frameworks */,
				AFC304F91E85D1EE0012515E /* EasyPeasy.framework in Frameworks */,
			);
			runOnlyForDeploymentPostprocessing = 0;
		};
/* End PBXFrameworksBuildPhase section */

/* Begin PBXGroup section */
		AF168E111E8483B40033CEEF /* Carthage */ = {
			isa = PBXGroup;
			children = (
				AF8FDA621E99775D00D5DEA2 /* KeychainAccess.framework */,
				AFC304FA1E85E95F0012515E /* SwipeCellKit.framework */,
				AFC304F81E85D1EE0012515E /* EasyPeasy.framework */,
				AFC304F21E85CB9E0012515E /* Kingfisher.framework */,
				AF168E0D1E8483B00033CEEF /* RxCocoa.framework */,
				AF168E0E1E8483B00033CEEF /* RxSwift.framework */,
			);
			name = Carthage;
			sourceTree = "<group>";
		};
		AF3EED151E68E96100553D86 = {
			isa = PBXGroup;
			children = (
				AF3EED201E68E96100553D86 /* Cut */,
				AF168E111E8483B40033CEEF /* Carthage */,
				AF3EED1F1E68E96100553D86 /* Products */,
			);
			sourceTree = "<group>";
		};
		AF3EED1F1E68E96100553D86 /* Products */ = {
			isa = PBXGroup;
			children = (
				AF3EED1E1E68E96100553D86 /* Cut.app */,
			);
			name = Products;
			sourceTree = "<group>";
		};
		AF3EED201E68E96100553D86 /* Cut */ = {
			isa = PBXGroup;
			children = (
				AF3EED211E68E96100553D86 /* AppDelegate.swift */,
				AF3EED281E68E96100553D86 /* Assets.xcassets */,
				AFA9B24B1E9D82A60072401F /* API */,
				AFA9B2481E9D826E0072401F /* Model */,
				AFA9B24D1E9D82C20072401F /* Film List */,
				AFA9B2471E9D825D0072401F /* Networking */,
				AF41395E1EA0347200F7AB8D /* Search */,
				AFBEB1B71E9D945D0095D66E /* Sign Up */,
				AFA9B2491E9D828F0072401F /* Profile */,
				AFA9B24A1E9D82980072401F /* Protocols */,
				AFA9B24C1E9D82B10072401F /* Supporting Files */,
			);
			path = Cut;
			sourceTree = "<group>";
		};
		AF41395E1EA0347200F7AB8D /* Search */ = {
			isa = PBXGroup;
			children = (
				AFBEB1B81E9E14240095D66E /* SearchVC.swift */,
				AF918DB01EA029F800ABAE3A /* SearchView.swift */,
			);
			name = Search;
			sourceTree = "<group>";
		};
		AFA9B2471E9D825D0072401F /* Networking */ = {
			isa = PBXGroup;
			children = (
				AF94AF551E831F980087080B /* Endpoint.swift */,
				AF168E121E8483E60033CEEF /* JSON.swift */,
				AFA9B24E1E9D83270072401F /* ArrayResponse.swift */,
			);
			name = Networking;
			sourceTree = "<group>";
		};
		AFA9B2481E9D826E0072401F /* Model */ = {
			isa = PBXGroup;
			children = (
				AF3EED331E68E9B300553D86 /* Film.swift */,
				AFA9B2411E9CABC90072401F /* UIDevice.swift */,
				AFCCA5C61E9C118D000B6102 /* User.swift */,
			);
			name = Model;
			sourceTree = "<group>";
		};
		AFA9B2491E9D828F0072401F /* Profile */ = {
			isa = PBXGroup;
			children = (
				AFE548AD1E9C108300C99278 /* ProfileVC.swift */,
				AFCCA5C41E9C1176000B6102 /* ProfileView.swift */,
			);
			name = Profile;
			sourceTree = "<group>";
		};
		AFA9B24A1E9D82980072401F /* Protocols */ = {
			isa = PBXGroup;
			children = (
				AFC304F61E85D0580012515E /* TableCellIdentifiable.swift */,
			);
			name = Protocols;
			sourceTree = "<group>";
		};
		AFA9B24B1E9D82A60072401F /* API */ = {
			isa = PBXGroup;
			children = (
				AFE548AB1E999A0C00C99278 /* AddFilmToWatchList.swift */,
				AFA9B2431E9CAC9A0072401F /* GetUser.swift */,
				AFA9B2521E9D836D0072401F /* List Films */,
				AF2D69431E977D9C004F4E6B /* RegisterDevice.swift */,
				AFBEB1BC1E9FFBC50095D66E /* Search.swift */,
				AFA9B2531E9D838B0072401F /* SignUp.swift */,
			);
			name = API;
			sourceTree = "<group>";
		};
		AFA9B24C1E9D82B10072401F /* Supporting Files */ = {
			isa = PBXGroup;
			children = (
				AF3EED351E68EBE000553D86 /* LaunchScreen.storyboard */,
				AF3EED2D1E68E96100553D86 /* Info.plist */,
			);
			name = "Supporting Files";
			sourceTree = "<group>";
		};
		AFA9B24D1E9D82C20072401F /* Film List */ = {
			isa = PBXGroup;
			children = (
				AF3EED371E68EC3900553D86 /* FilmTVC.swift */,
				AFC304F41E85CCA60012515E /* FilmTableCell.swift */,
			);
			name = "Film List";
			sourceTree = "<group>";
		};
		AFA9B2521E9D836D0072401F /* List Films */ = {
			isa = PBXGroup;
			children = (
				AF94AF571E8320840087080B /* ListFilms.swift */,
				AFA9B2501E9D835A0072401F /* FilmFilter.swift */,
			);
			name = "List Films";
			sourceTree = "<group>";
		};
		AFBEB1B71E9D945D0095D66E /* Sign Up */ = {
			isa = PBXGroup;
			children = (
				AFA9B2551E9D84370072401F /* SignUpVC.swift */,
				AFA9B2451E9CB20F0072401F /* SignUpView.swift */,
			);
			name = "Sign Up";
			sourceTree = "<group>";
		};
/* End PBXGroup section */

/* Begin PBXNativeTarget section */
		AF3EED1D1E68E96100553D86 /* Cut */ = {
			isa = PBXNativeTarget;
			buildConfigurationList = AF3EED301E68E96100553D86 /* Build configuration list for PBXNativeTarget "Cut" */;
			buildPhases = (
				AF3EED1A1E68E96100553D86 /* Sources */,
				AF3EED1B1E68E96100553D86 /* Frameworks */,
				AF3EED1C1E68E96100553D86 /* Resources */,
				AF168E141E848E6C0033CEEF /* ShellScript */,
			);
			buildRules = (
			);
			dependencies = (
			);
			name = Cut;
			productName = Cut;
			productReference = AF3EED1E1E68E96100553D86 /* Cut.app */;
			productType = "com.apple.product-type.application";
		};
/* End PBXNativeTarget section */

/* Begin PBXProject section */
		AF3EED161E68E96100553D86 /* Project object */ = {
			isa = PBXProject;
			attributes = {
				LastSwiftUpdateCheck = 0820;
				LastUpgradeCheck = 0820;
				ORGANIZATIONNAME = "Kyle McAlpine";
				TargetAttributes = {
					AF3EED1D1E68E96100553D86 = {
						CreatedOnToolsVersion = 8.2.1;
						ProvisioningStyle = Automatic;
					};
				};
			};
			buildConfigurationList = AF3EED191E68E96100553D86 /* Build configuration list for PBXProject "Cut" */;
			compatibilityVersion = "Xcode 3.2";
			developmentRegion = English;
			hasScannedForEncodings = 0;
			knownRegions = (
				en,
				Base,
			);
			mainGroup = AF3EED151E68E96100553D86;
			productRefGroup = AF3EED1F1E68E96100553D86 /* Products */;
			projectDirPath = "";
			projectRoot = "";
			targets = (
				AF3EED1D1E68E96100553D86 /* Cut */,
			);
		};
/* End PBXProject section */

/* Begin PBXResourcesBuildPhase section */
		AF3EED1C1E68E96100553D86 /* Resources */ = {
			isa = PBXResourcesBuildPhase;
			buildActionMask = 2147483647;
			files = (
				AF3EED361E68EBE000553D86 /* LaunchScreen.storyboard in Resources */,
				AF3EED291E68E96100553D86 /* Assets.xcassets in Resources */,
			);
			runOnlyForDeploymentPostprocessing = 0;
		};
/* End PBXResourcesBuildPhase section */

/* Begin PBXShellScriptBuildPhase section */
		AF168E141E848E6C0033CEEF /* ShellScript */ = {
			isa = PBXShellScriptBuildPhase;
			buildActionMask = 2147483647;
			files = (
			);
			inputPaths = (
				"$(SRCROOT)/Carthage/Build/iOS/RxSwift.framework",
				"$(SRCROOT)/Carthage/Build/iOS/RxCocoa.framework",
				"$(SRCROOT)/Carthage/Build/iOS/Kingfisher.framework",
				"$(SRCROOT)/Carthage/Build/iOS/EasyPeasy.framework",
				"$(SRCROOT)/Carthage/Build/iOS/SwipeCellKit.framework",
				"$(SRCROOT)/Carthage/Build/iOS/KeychainAccess.framework",
			);
			outputPaths = (
			);
			runOnlyForDeploymentPostprocessing = 0;
			shellPath = /bin/sh;
			shellScript = "/usr/local/bin/carthage copy-frameworks";
		};
/* End PBXShellScriptBuildPhase section */

/* Begin PBXSourcesBuildPhase section */
		AF3EED1A1E68E96100553D86 /* Sources */ = {
			isa = PBXSourcesBuildPhase;
			buildActionMask = 2147483647;
			files = (
				AFA9B24F1E9D83270072401F /* ArrayResponse.swift in Sources */,
				AF3EED221E68E96100553D86 /* AppDelegate.swift in Sources */,
				AFE548AE1E9C108300C99278 /* ProfileVC.swift in Sources */,
				AF3EED341E68E9B300553D86 /* Film.swift in Sources */,
				AFBEB1B91E9E14240095D66E /* SearchVC.swift in Sources */,
				AFA9B2441E9CAC9A0072401F /* GetUser.swift in Sources */,
				AFA9B2511E9D835A0072401F /* FilmFilter.swift in Sources */,
				AF94AF581E8320840087080B /* ListFilms.swift in Sources */,
				AFCCA5C71E9C118D000B6102 /* User.swift in Sources */,
				AFA9B2561E9D84370072401F /* SignUpVC.swift in Sources */,
				AFCCA5C51E9C1176000B6102 /* ProfileView.swift in Sources */,
				AFBEB1BD1E9FFBC50095D66E /* Search.swift in Sources */,
				AF168E131E8483E70033CEEF /* JSON.swift in Sources */,
				AF918DB11EA029F800ABAE3A /* SearchView.swift in Sources */,
				AFE548AC1E999A0C00C99278 /* AddFilmToWatchList.swift in Sources */,
				AF94AF561E831F980087080B /* Endpoint.swift in Sources */,
				AFC304F51E85CCA60012515E /* FilmTableCell.swift in Sources */,
				AF2D69441E977D9C004F4E6B /* RegisterDevice.swift in Sources */,
				AFA9B2461E9CB20F0072401F /* SignUpView.swift in Sources */,
				AFC304F71E85D0580012515E /* TableCellIdentifiable.swift in Sources */,
				AFA9B2541E9D838B0072401F /* SignUp.swift in Sources */,
				AF3EED381E68EC3900553D86 /* FilmTVC.swift in Sources */,
				AFA9B2421E9CABC90072401F /* UIDevice.swift in Sources */,
			);
			runOnlyForDeploymentPostprocessing = 0;
		};
/* End PBXSourcesBuildPhase section */

/* Begin XCBuildConfiguration section */
		AF3EED2E1E68E96100553D86 /* Debug */ = {
			isa = XCBuildConfiguration;
			buildSettings = {
				ALWAYS_SEARCH_USER_PATHS = NO;
				CLANG_ANALYZER_NONNULL = YES;
				CLANG_CXX_LANGUAGE_STANDARD = "gnu++0x";
				CLANG_CXX_LIBRARY = "libc++";
				CLANG_ENABLE_MODULES = YES;
				CLANG_ENABLE_OBJC_ARC = YES;
				CLANG_WARN_BOOL_CONVERSION = YES;
				CLANG_WARN_CONSTANT_CONVERSION = YES;
				CLANG_WARN_DIRECT_OBJC_ISA_USAGE = YES_ERROR;
				CLANG_WARN_DOCUMENTATION_COMMENTS = YES;
				CLANG_WARN_EMPTY_BODY = YES;
				CLANG_WARN_ENUM_CONVERSION = YES;
				CLANG_WARN_INFINITE_RECURSION = YES;
				CLANG_WARN_INT_CONVERSION = YES;
				CLANG_WARN_OBJC_ROOT_CLASS = YES_ERROR;
				CLANG_WARN_SUSPICIOUS_MOVE = YES;
				CLANG_WARN_UNREACHABLE_CODE = YES;
				CLANG_WARN__DUPLICATE_METHOD_MATCH = YES;
				"CODE_SIGN_IDENTITY[sdk=iphoneos*]" = "iPhone Developer";
				COPY_PHASE_STRIP = NO;
				DEBUG_INFORMATION_FORMAT = dwarf;
				ENABLE_STRICT_OBJC_MSGSEND = YES;
				ENABLE_TESTABILITY = YES;
				FRAMEWORK_SEARCH_PATHS = "$(SRCROOT)/Carthage/Build/iOS/**";
				GCC_C_LANGUAGE_STANDARD = gnu99;
				GCC_DYNAMIC_NO_PIC = NO;
				GCC_NO_COMMON_BLOCKS = YES;
				GCC_OPTIMIZATION_LEVEL = 0;
				GCC_PREPROCESSOR_DEFINITIONS = (
					"DEBUG=1",
					"$(inherited)",
				);
				GCC_WARN_64_TO_32_BIT_CONVERSION = YES;
				GCC_WARN_ABOUT_RETURN_TYPE = YES_ERROR;
				GCC_WARN_UNDECLARED_SELECTOR = YES;
				GCC_WARN_UNINITIALIZED_AUTOS = YES_AGGRESSIVE;
				GCC_WARN_UNUSED_FUNCTION = YES;
				GCC_WARN_UNUSED_VARIABLE = YES;
				IPHONEOS_DEPLOYMENT_TARGET = 10.2;
				MTL_ENABLE_DEBUG_INFO = YES;
				ONLY_ACTIVE_ARCH = YES;
				SDKROOT = iphoneos;
				SWIFT_ACTIVE_COMPILATION_CONDITIONS = DEBUG;
				SWIFT_INCLUDE_PATHS = "";
				SWIFT_OPTIMIZATION_LEVEL = "-Onone";
			};
			name = Debug;
		};
		AF3EED2F1E68E96100553D86 /* Release */ = {
			isa = XCBuildConfiguration;
			buildSettings = {
				ALWAYS_SEARCH_USER_PATHS = NO;
				CLANG_ANALYZER_NONNULL = YES;
				CLANG_CXX_LANGUAGE_STANDARD = "gnu++0x";
				CLANG_CXX_LIBRARY = "libc++";
				CLANG_ENABLE_MODULES = YES;
				CLANG_ENABLE_OBJC_ARC = YES;
				CLANG_WARN_BOOL_CONVERSION = YES;
				CLANG_WARN_CONSTANT_CONVERSION = YES;
				CLANG_WARN_DIRECT_OBJC_ISA_USAGE = YES_ERROR;
				CLANG_WARN_DOCUMENTATION_COMMENTS = YES;
				CLANG_WARN_EMPTY_BODY = YES;
				CLANG_WARN_ENUM_CONVERSION = YES;
				CLANG_WARN_INFINITE_RECURSION = YES;
				CLANG_WARN_INT_CONVERSION = YES;
				CLANG_WARN_OBJC_ROOT_CLASS = YES_ERROR;
				CLANG_WARN_SUSPICIOUS_MOVE = YES;
				CLANG_WARN_UNREACHABLE_CODE = YES;
				CLANG_WARN__DUPLICATE_METHOD_MATCH = YES;
				"CODE_SIGN_IDENTITY[sdk=iphoneos*]" = "iPhone Developer";
				COPY_PHASE_STRIP = NO;
				DEBUG_INFORMATION_FORMAT = "dwarf-with-dsym";
				ENABLE_NS_ASSERTIONS = NO;
				ENABLE_STRICT_OBJC_MSGSEND = YES;
				FRAMEWORK_SEARCH_PATHS = "$(SRCROOT)/Carthage/Build/iOS/**";
				GCC_C_LANGUAGE_STANDARD = gnu99;
				GCC_NO_COMMON_BLOCKS = YES;
				GCC_WARN_64_TO_32_BIT_CONVERSION = YES;
				GCC_WARN_ABOUT_RETURN_TYPE = YES_ERROR;
				GCC_WARN_UNDECLARED_SELECTOR = YES;
				GCC_WARN_UNINITIALIZED_AUTOS = YES_AGGRESSIVE;
				GCC_WARN_UNUSED_FUNCTION = YES;
				GCC_WARN_UNUSED_VARIABLE = YES;
				IPHONEOS_DEPLOYMENT_TARGET = 10.2;
				MTL_ENABLE_DEBUG_INFO = NO;
				SDKROOT = iphoneos;
				SWIFT_INCLUDE_PATHS = "";
				SWIFT_OPTIMIZATION_LEVEL = "-Owholemodule";
				VALIDATE_PRODUCT = YES;
			};
			name = Release;
		};
		AF3EED311E68E96100553D86 /* Debug */ = {
			isa = XCBuildConfiguration;
			buildSettings = {
				ASSETCATALOG_COMPILER_APPICON_NAME = AppIcon;
				FRAMEWORK_SEARCH_PATHS = (
					"$(inherited)",
					"$(PROJECT_DIR)/Carthage/Build/iOS",
				);
				INFOPLIST_FILE = Cut/Info.plist;
				LD_RUNPATH_SEARCH_PATHS = "$(inherited) @executable_path/Frameworks";
				PRODUCT_BUNDLE_IDENTIFIER = io.kylejm.Cut;
				PRODUCT_NAME = "$(TARGET_NAME)";
				SWIFT_VERSION = 3.0;
			};
			name = Debug;
		};
		AF3EED321E68E96100553D86 /* Release */ = {
			isa = XCBuildConfiguration;
			buildSettings = {
				ASSETCATALOG_COMPILER_APPICON_NAME = AppIcon;
				FRAMEWORK_SEARCH_PATHS = (
					"$(inherited)",
					"$(PROJECT_DIR)/Carthage/Build/iOS",
				);
				INFOPLIST_FILE = Cut/Info.plist;
				LD_RUNPATH_SEARCH_PATHS = "$(inherited) @executable_path/Frameworks";
				PRODUCT_BUNDLE_IDENTIFIER = io.kylejm.Cut;
				PRODUCT_NAME = "$(TARGET_NAME)";
				SWIFT_VERSION = 3.0;
			};
			name = Release;
		};
/* End XCBuildConfiguration section */

/* Begin XCConfigurationList section */
		AF3EED191E68E96100553D86 /* Build configuration list for PBXProject "Cut" */ = {
			isa = XCConfigurationList;
			buildConfigurations = (
				AF3EED2E1E68E96100553D86 /* Debug */,
				AF3EED2F1E68E96100553D86 /* Release */,
			);
			defaultConfigurationIsVisible = 0;
			defaultConfigurationName = Release;
		};
		AF3EED301E68E96100553D86 /* Build configuration list for PBXNativeTarget "Cut" */ = {
			isa = XCConfigurationList;
			buildConfigurations = (
				AF3EED311E68E96100553D86 /* Debug */,
				AF3EED321E68E96100553D86 /* Release */,
			);
			defaultConfigurationIsVisible = 0;
			defaultConfigurationName = Release;
		};
/* End XCConfigurationList section */
	};
	rootObject = AF3EED161E68E96100553D86 /* Project object */;
}
